
Microsoft Visual Studio Solution File, Format Version 12.00
# Visual Studio Version 17
VisualStudioVersion = 17.9.34616.47
MinimumVisualStudioVersion = 10.0.40219.1
Project("{8BC9CEB8-8B4A-11D0-8D11-00A0C91BC942}") = "Dzakialailah", "Dzakialailah\Dzakialailah.vcxproj", "{78E542AA-796C-4511-AC31-4BED75BE4274}"
EndProject
Global
	GlobalSection(SolutionConfigurationPlatforms) = preSolution
		Debug|x64 = Debug|x64
		Debug|x86 = Debug|x86
		Release|x64 = Release|x64
		Release|x86 = Release|x86
	EndGlobalSection
	GlobalSection(ProjectConfigurationPlatforms) = postSolution
		{78E542AA-796C-4511-AC31-4BED75BE4274}.Debug|x64.ActiveCfg = Debug|x64
		{78E542AA-796C-4511-AC31-4BED75BE4274}.Debug|x64.Build.0 = Debug|x64
		{78E542AA-796C-4511-AC31-4BED75BE4274}.Debug|x86.ActiveCfg = Debug|Win32
		{78E542AA-796C-4511-AC31-4BED75BE4274}.Debug|x86.Build.0 = Debug|Win32
		{78E542AA-796C-4511-AC31-4BED75BE4274}.Release|x64.ActiveCfg = Release|x64
		{78E542AA-796C-4511-AC31-4BED75BE4274}.Release|x64.Build.0 = Release|x64
		{78E542AA-796C-4511-AC31-4BED75BE4274}.Release|x86.ActiveCfg = Release|Win32
		{78E542AA-796C-4511-AC31-4BED75BE4274}.Release|x86.Build.0 = Release|Win32
	EndGlobalSection
	GlobalSection(SolutionProperties) = preSolution
		HideSolutionNode = FALSE
	EndGlobalSection
	GlobalSection(ExtensibilityGlobals) = postSolution
		SolutionGuid = {1D7BCBE7-B6D0-4BA0-8827-9C808F12446E}
	EndGlobalSection
EndGlobal
